
Microsoft Visual Studio Solution File, Format Version 12.00
# Visual Studio Version 17
VisualStudioVersion = 17.3.32825.248
MinimumVisualStudioVersion = 10.0.40219.1
Project("{9A19103F-16F7-4668-BE54-9A1E7A4F7556}") = "HCI Project", "HCI Project\HCI Project.csproj", "{09FC5B4C-152D-464F-92EC-D0EC957992F8}"
EndProject
Global
	GlobalSection(SolutionConfigurationPlatforms) = preSolution
		Debug|Any CPU = Debug|Any CPU
		Debug|x64 = Debug|x64
		Release|Any CPU = Release|Any CPU
		Release|x64 = Release|x64
		Testing FileSYs|Any CPU = Testing FileSYs|Any CPU
		Testing FileSYs|x64 = Testing FileSYs|x64
	EndGlobalSection
	GlobalSection(ProjectConfigurationPlatforms) = postSolution
		{09FC5B4C-152D-464F-92EC-D0EC957992F8}.Debug|Any CPU.ActiveCfg = Debug|Any CPU
		{09FC5B4C-152D-464F-92EC-D0EC957992F8}.Debug|Any CPU.Build.0 = Debug|Any CPU
		{09FC5B4C-152D-464F-92EC-D0EC957992F8}.Debug|x64.ActiveCfg = Debug|x64
		{09FC5B4C-152D-464F-92EC-D0EC957992F8}.Debug|x64.Build.0 = Debug|x64
		{09FC5B4C-152D-464F-92EC-D0EC957992F8}.Release|Any CPU.ActiveCfg = Release|Any CPU
		{09FC5B4C-152D-464F-92EC-D0EC957992F8}.Release|Any CPU.Build.0 = Release|Any CPU
		{09FC5B4C-152D-464F-92EC-D0EC957992F8}.Release|x64.ActiveCfg = Release|x64
		{09FC5B4C-152D-464F-92EC-D0EC957992F8}.Release|x64.Build.0 = Release|x64
		{09FC5B4C-152D-464F-92EC-D0EC957992F8}.Testing FileSYs|Any CPU.ActiveCfg = Testing FileSYs|Any CPU
		{09FC5B4C-152D-464F-92EC-D0EC957992F8}.Testing FileSYs|Any CPU.Build.0 = Testing FileSYs|Any CPU
		{09FC5B4C-152D-464F-92EC-D0EC957992F8}.Testing FileSYs|x64.ActiveCfg = Release|x64
		{09FC5B4C-152D-464F-92EC-D0EC957992F8}.Testing FileSYs|x64.Build.0 = Release|x64
	EndGlobalSection
	GlobalSection(SolutionProperties) = preSolution
		HideSolutionNode = FALSE
	EndGlobalSection
	GlobalSection(ExtensibilityGlobals) = postSolution
		SolutionGuid = {C27A2F06-5938-4016-B364-7881E00C5188}
	EndGlobalSection
EndGlobal
