
Microsoft Visual Studio Solution File, Format Version 12.00
# Visual Studio Version 17
VisualStudioVersion = 17.3.32825.248
MinimumVisualStudioVersion = 10.0.40219.1
Project("{FAE04EC0-301F-11D3-BF4B-00C04F79EFBC}") = "HCI Project", "HCI Project\HCI Project.csproj", "{09FC5B4C-152D-464F-92EC-D0EC957992F8}"
EndProject
Global
	GlobalSection(SolutionConfigurationPlatforms) = preSolution
		Debug|Any CPU = Debug|Any CPU
		Release|Any CPU = Release|Any CPU
	EndGlobalSection
	GlobalSection(ProjectConfigurationPlatforms) = postSolution
		{09FC5B4C-152D-464F-92EC-D0EC957992F8}.Debug|Any CPU.ActiveCfg = Debug|Any CPU
		{09FC5B4C-152D-464F-92EC-D0EC957992F8}.Debug|Any CPU.Build.0 = Debug|Any CPU
		{09FC5B4C-152D-464F-92EC-D0EC957992F8}.Release|Any CPU.ActiveCfg = Release|Any CPU
		{09FC5B4C-152D-464F-92EC-D0EC957992F8}.Release|Any CPU.Build.0 = Release|Any CPU
	EndGlobalSection
	GlobalSection(SolutionProperties) = preSolution
		HideSolutionNode = FALSE
	EndGlobalSection
	GlobalSection(ExtensibilityGlobals) = postSolution
		SolutionGuid = {C27A2F06-5938-4016-B364-7881E00C5188}
	EndGlobalSection
EndGlobal
